// !$*UTF8*$!
{
	archiveVersion = 1;
	classes = {
	};
	objectVersion = 46;
	objects = {

/* Begin PBXBuildFile section */
		A92AF1621AC9BADF0000E352 /* main.m in Sources */ = {isa = PBXBuildFile; fileRef = A92AF1611AC9BADF0000E352 /* main.m */; };
		A92AF1651AC9BADF0000E352 /* AppDelegate.m in Sources */ = {isa = PBXBuildFile; fileRef = A92AF1641AC9BADF0000E352 /* AppDelegate.m */; };
		A92AF1681AC9BADF0000E352 /* ViewController.m in Sources */ = {isa = PBXBuildFile; fileRef = A92AF1671AC9BADF0000E352 /* ViewController.m */; };
		A92AF16B1AC9BADF0000E352 /* Main.storyboard in Resources */ = {isa = PBXBuildFile; fileRef = A92AF1691AC9BADF0000E352 /* Main.storyboard */; };
		A92AF16D1AC9BADF0000E352 /* Images.xcassets in Resources */ = {isa = PBXBuildFile; fileRef = A92AF16C1AC9BADF0000E352 /* Images.xcassets */; };
		A92AF1701AC9BADF0000E352 /* LaunchScreen.xib in Resources */ = {isa = PBXBuildFile; fileRef = A92AF16E1AC9BADF0000E352 /* LaunchScreen.xib */; };
		A92AF17C1AC9BADF0000E352 /* MovieDownloadTests.m in Sources */ = {isa = PBXBuildFile; fileRef = A92AF17B1AC9BADF0000E352 /* MovieDownloadTests.m */; };
/* End PBXBuildFile section */

/* Begin PBXContainerItemProxy section */
		A92AF1761AC9BADF0000E352 /* PBXContainerItemProxy */ = {
			isa = PBXContainerItemProxy;
			containerPortal = A92AF1541AC9BADF0000E352 /* Project object */;
			proxyType = 1;
			remoteGlobalIDString = A92AF15B1AC9BADF0000E352;
			remoteInfo = MovieDownload;
		};
/* End PBXContainerItemProxy section */

/* Begin PBXFileReference section */
		A92AF15C1AC9BADF0000E352 /* MovieDownload.app */ = {isa = PBXFileReference; explicitFileType = wrapper.application; includeInIndex = 0; path = MovieDownload.app; sourceTree = BUILT_PRODUCTS_DIR; };
		A92AF1601AC9BADF0000E352 /* Info.plist */ = {isa = PBXFileReference; lastKnownFileType = text.plist.xml; path = Info.plist; sourceTree = "<group>"; };
		A92AF1611AC9BADF0000E352 /* main.m */ = {isa = PBXFileReference; lastKnownFileType = sourcecode.c.objc; path = main.m; sourceTree = "<group>"; };
		A92AF1631AC9BADF0000E352 /* AppDelegate.h */ = {isa = PBXFileReference; lastKnownFileType = sourcecode.c.h; path = AppDelegate.h; sourceTree = "<group>"; };
		A92AF1641AC9BADF0000E352 /* AppDelegate.m */ = {isa = PBXFileReference; lastKnownFileType = sourcecode.c.objc; path = AppDelegate.m; sourceTree = "<group>"; };
		A92AF1661AC9BADF0000E352 /* ViewController.h */ = {isa = PBXFileReference; lastKnownFileType = sourcecode.c.h; path = ViewController.h; sourceTree = "<group>"; };
		A92AF1671AC9BADF0000E352 /* ViewController.m */ = {isa = PBXFileReference; lastKnownFileType = sourcecode.c.objc; path = ViewController.m; sourceTree = "<group>"; };
		A92AF16A1AC9BADF0000E352 /* Base */ = {isa = PBXFileReference; lastKnownFileType = file.storyboard; name = Base; path = Base.lproj/Main.storyboard; sourceTree = "<group>"; };
		A92AF16C1AC9BADF0000E352 /* Images.xcassets */ = {isa = PBXFileReference; lastKnownFileType = folder.assetcatalog; path = Images.xcassets; sourceTree = "<group>"; };
		A92AF16F1AC9BADF0000E352 /* Base */ = {isa = PBXFileReference; lastKnownFileType = file.xib; name = Base; path = Base.lproj/LaunchScreen.xib; sourceTree = "<group>"; };
		A92AF1751AC9BADF0000E352 /* MovieDownloadTests.xctest */ = {isa = PBXFileReference; explicitFileType = wrapper.cfbundle; includeInIndex = 0; path = MovieDownloadTests.xctest; sourceTree = BUILT_PRODUCTS_DIR; };
		A92AF17A1AC9BADF0000E352 /* Info.plist */ = {isa = PBXFileReference; lastKnownFileType = text.plist.xml; path = Info.plist; sourceTree = "<group>"; };
		A92AF17B1AC9BADF0000E352 /* MovieDownloadTests.m */ = {isa = PBXFileReference; lastKnownFileType = sourcecode.c.objc; path = MovieDownloadTests.m; sourceTree = "<group>"; };
/* End PBXFileReference section */

/* Begin PBXFrameworksBuildPhase section */
		A92AF1591AC9BADF0000E352 /* Frameworks */ = {
			isa = PBXFrameworksBuildPhase;
			buildActionMask = 2147483647;
			files = (
			);
			runOnlyForDeploymentPostprocessing = 0;
		};
		A92AF1721AC9BADF0000E352 /* Frameworks */ = {
			isa = PBXFrameworksBuildPhase;
			buildActionMask = 2147483647;
			files = (
			);
			runOnlyForDeploymentPostprocessing = 0;
		};
/* End PBXFrameworksBuildPhase section */

/* Begin PBXGroup section */
		A92AF1531AC9BADF0000E352 = {
			isa = PBXGroup;
			children = (
				A92AF15E1AC9BADF0000E352 /* MovieDownload */,
				A92AF1781AC9BADF0000E352 /* MovieDownloadTests */,
				A92AF15D1AC9BADF0000E352 /* Products */,
			);
			sourceTree = "<group>";
		};
		A92AF15D1AC9BADF0000E352 /* Products */ = {
			isa = PBXGroup;
			children = (
				A92AF15C1AC9BADF0000E352 /* MovieDownload.app */,
				A92AF1751AC9BADF0000E352 /* MovieDownloadTests.xctest */,
			);
			name = Products;
			sourceTree = "<group>";
		};
		A92AF15E1AC9BADF0000E352 /* MovieDownload */ = {
			isa = PBXGroup;
			children = (
				A92AF1631AC9BADF0000E352 /* AppDelegate.h */,
				A92AF1641AC9BADF0000E352 /* AppDelegate.m */,
				A92AF1661AC9BADF0000E352 /* ViewController.h */,
				A92AF1671AC9BADF0000E352 /* ViewController.m */,
				A92AF1691AC9BADF0000E352 /* Main.storyboard */,
				A92AF16C1AC9BADF0000E352 /* Images.xcassets */,
				A92AF16E1AC9BADF0000E352 /* LaunchScreen.xib */,
				A92AF15F1AC9BADF0000E352 /* Supporting Files */,
			);
			path = MovieDownload;
			sourceTree = "<group>";
		};
		A92AF15F1AC9BADF0000E352 /* Supporting Files */ = {
			isa = PBXGroup;
			children = (
				A92AF1601AC9BADF0000E352 /* Info.plist */,
				A92AF1611AC9BADF0000E352 /* main.m */,
			);
			name = "Supporting Files";
			sourceTree = "<group>";
		};
		A92AF1781AC9BADF0000E352 /* MovieDownloadTests */ = {
			isa = PBXGroup;
			children = (
				A92AF17B1AC9BADF0000E352 /* MovieDownloadTests.m */,
				A92AF1791AC9BADF0000E352 /* Supporting Files */,
			);
			path = MovieDownloadTests;
			sourceTree = "<group>";
		};
		A92AF1791AC9BADF0000E352 /* Supporting Files */ = {
			isa = PBXGroup;
			children = (
				A92AF17A1AC9BADF0000E352 /* Info.plist */,
			);
			name = "Supporting Files";
			sourceTree = "<group>";
		};
/* End PBXGroup section */

/* Begin PBXNativeTarget section */
		A92AF15B1AC9BADF0000E352 /* MovieDownload */ = {
			isa = PBXNativeTarget;
			buildConfigurationList = A92AF17F1AC9BADF0000E352 /* Build configuration list for PBXNativeTarget "MovieDownload" */;
			buildPhases = (
				A92AF1581AC9BADF0000E352 /* Sources */,
				A92AF1591AC9BADF0000E352 /* Frameworks */,
				A92AF15A1AC9BADF0000E352 /* Resources */,
			);
			buildRules = (
			);
			dependencies = (
			);
			name = MovieDownload;
			productName = MovieDownload;
			productReference = A92AF15C1AC9BADF0000E352 /* MovieDownload.app */;
			productType = "com.apple.product-type.application";
		};
		A92AF1741AC9BADF0000E352 /* MovieDownloadTests */ = {
			isa = PBXNativeTarget;
			buildConfigurationList = A92AF1821AC9BADF0000E352 /* Build configuration list for PBXNativeTarget "MovieDownloadTests" */;
			buildPhases = (
				A92AF1711AC9BADF0000E352 /* Sources */,
				A92AF1721AC9BADF0000E352 /* Frameworks */,
				A92AF1731AC9BADF0000E352 /* Resources */,
			);
			buildRules = (
			);
			dependencies = (
				A92AF1771AC9BADF0000E352 /* PBXTargetDependency */,
			);
			name = MovieDownloadTests;
			productName = MovieDownloadTests;
			productReference = A92AF1751AC9BADF0000E352 /* MovieDownloadTests.xctest */;
			productType = "com.apple.product-type.bundle.unit-test";
		};
/* End PBXNativeTarget section */

/* Begin PBXProject section */
		A92AF1541AC9BADF0000E352 /* Project object */ = {
			isa = PBXProject;
			attributes = {
				LastUpgradeCheck = 0620;
				ORGANIZATIONNAME = "3e Interactive";
				TargetAttributes = {
					A92AF15B1AC9BADF0000E352 = {
						CreatedOnToolsVersion = 6.2;
					};
					A92AF1741AC9BADF0000E352 = {
						CreatedOnToolsVersion = 6.2;
						TestTargetID = A92AF15B1AC9BADF0000E352;
					};
				};
			};
			buildConfigurationList = A92AF1571AC9BADF0000E352 /* Build configuration list for PBXProject "MovieDownload" */;
			compatibilityVersion = "Xcode 3.2";
			developmentRegion = English;
			hasScannedForEncodings = 0;
			knownRegions = (
				en,
				Base,
			);
			mainGroup = A92AF1531AC9BADF0000E352;
			productRefGroup = A92AF15D1AC9BADF0000E352 /* Products */;
			projectDirPath = "";
			projectRoot = "";
			targets = (
				A92AF15B1AC9BADF0000E352 /* MovieDownload */,
				A92AF1741AC9BADF0000E352 /* MovieDownloadTests */,
			);
		};
/* End PBXProject section */

/* Begin PBXResourcesBuildPhase section */
		A92AF15A1AC9BADF0000E352 /* Resources */ = {
			isa = PBXResourcesBuildPhase;
			buildActionMask = 2147483647;
			files = (
				A92AF16B1AC9BADF0000E352 /* Main.storyboard in Resources */,
				A92AF1701AC9BADF0000E352 /* LaunchScreen.xib in Resources */,
				A92AF16D1AC9BADF0000E352 /* Images.xcassets in Resources */,
			);
			runOnlyForDeploymentPostprocessing = 0;
		};
		A92AF1731AC9BADF0000E352 /* Resources */ = {
			isa = PBXResourcesBuildPhase;
			buildActionMask = 2147483647;
			files = (
			);
			runOnlyForDeploymentPostprocessing = 0;
		};
/* End PBXResourcesBuildPhase section */

/* Begin PBXSourcesBuildPhase section */
		A92AF1581AC9BADF0000E352 /* Sources */ = {
			isa = PBXSourcesBuildPhase;
			buildActionMask = 2147483647;
			files = (
				A92AF1681AC9BADF0000E352 /* ViewController.m in Sources */,
				A92AF1651AC9BADF0000E352 /* AppDelegate.m in Sources */,
				A92AF1621AC9BADF0000E352 /* main.m in Sources */,
			);
			runOnlyForDeploymentPostprocessing = 0;
		};
		A92AF1711AC9BADF0000E352 /* Sources */ = {
			isa = PBXSourcesBuildPhase;
			buildActionMask = 2147483647;
			files = (
				A92AF17C1AC9BADF0000E352 /* MovieDownloadTests.m in Sources */,
			);
			runOnlyForDeploymentPostprocessing = 0;
		};
/* End PBXSourcesBuildPhase section */

/* Begin PBXTargetDependency section */
		A92AF1771AC9BADF0000E352 /* PBXTargetDependency */ = {
			isa = PBXTargetDependency;
			target = A92AF15B1AC9BADF0000E352 /* MovieDownload */;
			targetProxy = A92AF1761AC9BADF0000E352 /* PBXContainerItemProxy */;
		};
/* End PBXTargetDependency section */

/* Begin PBXVariantGroup section */
		A92AF1691AC9BADF0000E352 /* Main.storyboard */ = {
			isa = PBXVariantGroup;
			children = (
				A92AF16A1AC9BADF0000E352 /* Base */,
			);
			name = Main.storyboard;
			sourceTree = "<group>";
		};
		A92AF16E1AC9BADF0000E352 /* LaunchScreen.xib */ = {
			isa = PBXVariantGroup;
			children = (
				A92AF16F1AC9BADF0000E352 /* Base */,
			);
			name = LaunchScreen.xib;
			sourceTree = "<group>";
		};
/* End PBXVariantGroup section */

/* Begin XCBuildConfiguration section */
		A92AF17D1AC9BADF0000E352 /* Debug */ = {
			isa = XCBuildConfiguration;
			buildSettings = {
				ALWAYS_SEARCH_USER_PATHS = NO;
				CLANG_CXX_LANGUAGE_STANDARD = "gnu++0x";
				CLANG_CXX_LIBRARY = "libc++";
				CLANG_ENABLE_MODULES = YES;
				CLANG_ENABLE_OBJC_ARC = YES;
				CLANG_WARN_BOOL_CONVERSION = YES;
				CLANG_WARN_CONSTANT_CONVERSION = YES;
				CLANG_WARN_DIRECT_OBJC_ISA_USAGE = YES_ERROR;
				CLANG_WARN_EMPTY_BODY = YES;
				CLANG_WARN_ENUM_CONVERSION = YES;
				CLANG_WARN_INT_CONVERSION = YES;
				CLANG_WARN_OBJC_ROOT_CLASS = YES_ERROR;
				CLANG_WARN_UNREACHABLE_CODE = YES;
				CLANG_WARN__DUPLICATE_METHOD_MATCH = YES;
				"CODE_SIGN_IDENTITY[sdk=iphoneos*]" = "iPhone Developer";
				COPY_PHASE_STRIP = NO;
				ENABLE_STRICT_OBJC_MSGSEND = YES;
				GCC_C_LANGUAGE_STANDARD = gnu99;
				GCC_DYNAMIC_NO_PIC = NO;
				GCC_OPTIMIZATION_LEVEL = 0;
				GCC_PREPROCESSOR_DEFINITIONS = (
					"DEBUG=1",
					"$(inherited)",
				);
				GCC_SYMBOLS_PRIVATE_EXTERN = NO;
				GCC_WARN_64_TO_32_BIT_CONVERSION = YES;
				GCC_WARN_ABOUT_RETURN_TYPE = YES_ERROR;
				GCC_WARN_UNDECLARED_SELECTOR = YES;
				GCC_WARN_UNINITIALIZED_AUTOS = YES_AGGRESSIVE;
				GCC_WARN_UNUSED_FUNCTION = YES;
				GCC_WARN_UNUSED_VARIABLE = YES;
				IPHONEOS_DEPLOYMENT_TARGET = 8.2;
				MTL_ENABLE_DEBUG_INFO = YES;
				ONLY_ACTIVE_ARCH = YES;
				SDKROOT = iphoneos;
			};
			name = Debug;
		};
		A92AF17E1AC9BADF0000E352 /* Release */ = {
			isa = XCBuildConfiguration;
			buildSettings = {
				ALWAYS_SEARCH_USER_PATHS = NO;
				CLANG_CXX_LANGUAGE_STANDARD = "gnu++0x";
				CLANG_CXX_LIBRARY = "libc++";
				CLANG_ENABLE_MODULES = YES;
				CLANG_ENABLE_OBJC_ARC = YES;
				CLANG_WARN_BOOL_CONVERSION = YES;
				CLANG_WARN_CONSTANT_CONVERSION = YES;
				CLANG_WARN_DIRECT_OBJC_ISA_USAGE = YES_ERROR;
				CLANG_WARN_EMPTY_BODY = YES;
				CLANG_WARN_ENUM_CONVERSION = YES;
				CLANG_WARN_INT_CONVERSION = YES;
				CLANG_WARN_OBJC_ROOT_CLASS = YES_ERROR;
				CLANG_WARN_UNREACHABLE_CODE = YES;
				CLANG_WARN__DUPLICATE_METHOD_MATCH = YES;
				"CODE_SIGN_IDENTITY[sdk=iphoneos*]" = "iPhone Developer";
				COPY_PHASE_STRIP = NO;
				ENABLE_NS_ASSERTIONS = NO;
				ENABLE_STRICT_OBJC_MSGSEND = YES;
				GCC_C_LANGUAGE_STANDARD = gnu99;
				GCC_WARN_64_TO_32_BIT_CONVERSION = YES;
				GCC_WARN_ABOUT_RETURN_TYPE = YES_ERROR;
				GCC_WARN_UNDECLARED_SELECTOR = YES;
				GCC_WARN_UNINITIALIZED_AUTOS = YES_AGGRESSIVE;
				GCC_WARN_UNUSED_FUNCTION = YES;
				GCC_WARN_UNUSED_VARIABLE = YES;
				IPHONEOS_DEPLOYMENT_TARGET = 8.2;
				MTL_ENABLE_DEBUG_INFO = NO;
				SDKROOT = iphoneos;
				VALIDATE_PRODUCT = YES;
			};
			name = Release;
		};
		A92AF1801AC9BADF0000E352 /* Debug */ = {
			isa = XCBuildConfiguration;
			buildSettings = {
				ASSETCATALOG_COMPILER_APPICON_NAME = AppIcon;
				INFOPLIST_FILE = MovieDownload/Info.plist;
				LD_RUNPATH_SEARCH_PATHS = "$(inherited) @executable_path/Frameworks";
				PRODUCT_NAME = "$(TARGET_NAME)";
			};
			name = Debug;
		};
		A92AF1811AC9BADF0000E352 /* Release */ = {
			isa = XCBuildConfiguration;
			buildSettings = {
				ASSETCATALOG_COMPILER_APPICON_NAME = AppIcon;
				INFOPLIST_FILE = MovieDownload/Info.plist;
				LD_RUNPATH_SEARCH_PATHS = "$(inherited) @executable_path/Frameworks";
				PRODUCT_NAME = "$(TARGET_NAME)";
			};
			name = Release;
		};
		A92AF1831AC9BADF0000E352 /* Debug */ = {
			isa = XCBuildConfiguration;
			buildSettings = {
				BUNDLE_LOADER = "$(TEST_HOST)";
				FRAMEWORK_SEARCH_PATHS = (
					"$(SDKROOT)/Developer/Library/Frameworks",
					"$(inherited)",
				);
				GCC_PREPROCESSOR_DEFINITIONS = (
					"DEBUG=1",
					"$(inherited)",
				);
				INFOPLIST_FILE = MovieDownloadTests/Info.plist;
				LD_RUNPATH_SEARCH_PATHS = "$(inherited) @executable_path/Frameworks @loader_path/Frameworks";
				PRODUCT_NAME = "$(TARGET_NAME)";
				TEST_HOST = "$(BUILT_PRODUCTS_DIR)/MovieDownload.app/MovieDownload";
			};
			name = Debug;
		};
		A92AF1841AC9BADF0000E352 /* Release */ = {
			isa = XCBuildConfiguration;
			buildSettings = {
				BUNDLE_LOADER = "$(TEST_HOST)";
				FRAMEWORK_SEARCH_PATHS = (
					"$(SDKROOT)/Developer/Library/Frameworks",
					"$(inherited)",
				);
				INFOPLIST_FILE = MovieDownloadTests/Info.plist;
				LD_RUNPATH_SEARCH_PATHS = "$(inherited) @executable_path/Frameworks @loader_path/Frameworks";
				PRODUCT_NAME = "$(TARGET_NAME)";
				TEST_HOST = "$(BUILT_PRODUCTS_DIR)/MovieDownload.app/MovieDownload";
			};
			name = Release;
		};
/* End XCBuildConfiguration section */

/* Begin XCConfigurationList section */
		A92AF1571AC9BADF0000E352 /* Build configuration list for PBXProject "MovieDownload" */ = {
			isa = XCConfigurationList;
			buildConfigurations = (
				A92AF17D1AC9BADF0000E352 /* Debug */,
				A92AF17E1AC9BADF0000E352 /* Release */,
			);
			defaultConfigurationIsVisible = 0;
			defaultConfigurationName = Release;
		};
		A92AF17F1AC9BADF0000E352 /* Build configuration list for PBXNativeTarget "MovieDownload" */ = {
			isa = XCConfigurationList;
			buildConfigurations = (
				A92AF1801AC9BADF0000E352 /* Debug */,
				A92AF1811AC9BADF0000E352 /* Release */,
			);
			defaultConfigurationIsVisible = 0;
		};
		A92AF1821AC9BADF0000E352 /* Build configuration list for PBXNativeTarget "MovieDownloadTests" */ = {
			isa = XCConfigurationList;
			buildConfigurations = (
				A92AF1831AC9BADF0000E352 /* Debug */,
				A92AF1841AC9BADF0000E352 /* Release */,
			);
			defaultConfigurationIsVisible = 0;
		};
/* End XCConfigurationList section */
	};
	rootObject = A92AF1541AC9BADF0000E352 /* Project object */;
}
